PODS:
  - AFNetworking/NSURLConnection (2.6.3):
    - AFNetworking/Reachability
    - AFNetworking/Security
    - AFNetworking/Serialization
  - AFNetworking/Reachability (2.6.3)
  - AFNetworking/Security (2.6.3)
  - AFNetworking/Serialization (2.6.3)
  - FLEX (2.4.0)
  - JSONModel (1.8.0)
  - MBAppKit/Button (0.8.1):
    - RFInitializing
    - RFKit/RFGeometry
  - MBAppKit/Core (0.8.1):
    - AFNetworking/NSURLConnection (~> 2.6)
    - RFAlpha/RFSwizzle
    - RFAPI (~> 1.1)
    - RFKit (~> 2.0)
    - RFKit/Category/NSDate
    - RFKit/Category/NSDateFormatter
    - RFKit/Category/NSJSONSerialization
    - RFKit/Category/NSLayoutConstraint
    - RFKit/Category/NSURL
    - RFMessageManager/RFNetworkActivityIndicatorMessage (~> 0.3)
  - MBAppKit/Environment (0.8.1):
    - RFKit/Category/NSArray
    - RFKit/Runtime
  - MBAppKit/Input (0.8.1):
    - MBAppKit/Core
    - RFAlpha/RFDelegateChain/UITextFieldDelegate
    - RFInitializing
    - RFKit/Category/UIResponder
    - RFKit/RFGeometry
  - MBAppKit/Navigation (0.8.1):
    - MBAppKit/Core
    - RFAlpha/RFNavigationController
    - RFAlpha/RFSynthesize
    - RFKit/Category/NSArray
    - RFKit/Category/UIResponder
  - MBAppKit/Worker (0.8.1):
    - MBAppKit/Core
  - PreBuild (0.1.0)
  - RFAlpha/RFBlockSelectorPerform (0.5.0)
  - RFAlpha/RFButton (0.5.0):
    - RFInitializing (>= 1.1)
    - RFKit/Runtime (>= 1.7.1)
  - RFAlpha/RFCallbackControl (0.5.0):
    - RFKit/Category/NSArray
    - RFKit/Runtime (>= 1.7.1)
  - RFAlpha/RFContainerView (0.5.0):
    - RFInitializing (>= 1.1)
    - RFKit/Category/UIView
    - RFKit/Category/UIViewController
    - RFKit/Runtime (>= 1.7.1)
  - RFAlpha/RFDataSourceArray (0.5.0)
  - RFAlpha/RFDelegateChain/Chain (0.5.0):
    - RFInitializing (>= 1.1)
    - RFKit/Runtime (>= 1.7.1)
  - RFAlpha/RFDelegateChain/UICollectionViewDataSource (0.5.0):
    - RFAlpha/RFDelegateChain/Chain
  - RFAlpha/RFDelegateChain/UICollectionViewDelegate (0.5.0):
    - RFAlpha/RFDelegateChain/UIScrollViewDelegate
  - RFAlpha/RFDelegateChain/UICollectionViewDelegateFlowLayout (0.5.0):
    - RFAlpha/RFDelegateChain/UICollectionViewDelegate
  - RFAlpha/RFDelegateChain/UIScrollViewDelegate (0.5.0):
    - RFAlpha/RFDelegateChain/Chain
  - RFAlpha/RFDelegateChain/UISearchBarDelegate (0.5.0):
    - RFAlpha/RFDelegateChain/Chain
  - RFAlpha/RFDelegateChain/UITextFieldDelegate (0.5.0):
    - RFAlpha/RFDelegateChain/Chain
  - RFAlpha/RFDelegateChain/UITextViewDelegate (0.5.0):
    - RFAlpha/RFDelegateChain/Chain
  - RFAlpha/RFDrawImage (0.5.0):
    - RFKit/Runtime (>= 1.7.1)
  - RFAlpha/RFImageCropper (0.5.0):
    - RFInitializing (>= 1.1)
    - RFKit/Category/UIColor
    - RFKit/Category/UIImage
    - RFKit/Category/UIView
    - "RFKit/Category/UIView+RFAnimate"
    - RFKit/Runtime (>= 1.7.1)
  - RFAlpha/RFKVOWrapper (0.5.0):
    - RFKit/Runtime (>= 1.7.1)
  - RFAlpha/RFNavigationController (0.5.0):
    - RFAlpha/RFTransitioning/NavigationControllerTransition
    - RFKit/Category/NSError
    - RFKit/Category/UIView
    - "RFKit/Category/UIView+RFAnimate"
    - "RFKit/Category/UIViewController+RFInterfaceOrientation"
    - RFKit/Runtime (>= 1.7.1)
  - RFAlpha/RFRefreshButton (0.5.0):
    - RFInitializing (>= 1.1)
    - RFKit/Category/UIView
    - RFKit/Runtime (>= 1.7.1)
  - RFAlpha/RFRefreshControl (0.5.0):
    - RFKit/Runtime (>= 1.7.1)
  - RFAlpha/RFSwizzle (0.5.0):
    - RFKit/Runtime (>= 1.7.1)
  - RFAlpha/RFSynthesize (0.5.0):
    - RFKit/Runtime (>= 1.7.1)
  - RFAlpha/RFTabController (0.5.0):
    - RFAlpha/RFDataSourceArray
    - RFInitializing (>= 1.1)
    - RFKit/Category/NSArray
    - RFKit/Category/UIView
    - RFKit/Runtime (>= 1.7.1)
  - RFAlpha/RFTableViewPullToFetchPlugin (0.5.0):
    - RFAlpha/RFDelegateChain/Chain
    - RFAlpha/RFKVOWrapper
    - RFKit/Category/UIView
    - "RFKit/Category/UIView+RFAnimate"
  - RFAlpha/RFTimer (0.5.0)
  - RFAlpha/RFTransitioning/Core (0.5.0):
    - RFInitializing (>= 1.1)
    - RFKit/Runtime (>= 1.7.1)
  - RFAlpha/RFTransitioning/NavigationControllerTransition (0.5.0):
    - RFAlpha/RFDelegateChain/Chain
    - RFAlpha/RFTransitioning/Core
  - RFAlpha/RFViewApperance/RFDrawView (0.5.0):
    - RFInitializing (>= 1.1)
    - RFKit/Runtime (>= 1.7.1)
  - RFAlpha/RFViewApperance/RFLayerApperance (0.5.0):
    - RFKit/Category/UIDevice
  - RFAlpha/RFViewApperance/RFLine (0.5.0):
    - RFAlpha/RFViewApperance/RFDrawView
    - "RFKit/Category/UIView+RFAnimate"
  - RFAlpha/RFWindow (0.5.0):
    - RFInitializing (>= 1.1)
  - RFAPI (1.1.0):
    - AFNetworking/NSURLConnection (~> 2.0)
    - JSONModel
    - RFInitializing (>= 1.1)
    - RFKit/Category/NSDictionary
    - RFKit/Category/NSFileManager
    - RFKit/Runtime (> 1.7)
    - RFMessageManager/Manager (>= 0.3)
    - RFMessageManager/RFNetworkActivityIndicatorMessage
  - RFInitializing (1.1.0)
  - RFKeyboard (0.1.0):
    - RFKit/Runtime (>= 1.7)
  - RFKit (2.3.0):
    - RFKit/Default (= 2.3.0)
  - RFKit/Category/Default (2.3.0):
    - RFKit/Category/NSArray
    - RFKit/Category/NSBundle
    - RFKit/Category/NSDictionary
    - RFKit/Category/NSError
    - RFKit/Category/NSObject
    - RFKit/Category/NSString
    - RFKit/Category/UIButton
    - RFKit/Category/UIColor
    - RFKit/Category/UIDevice
    - RFKit/Category/UIImage
    - RFKit/Category/UINavigationController
    - RFKit/Category/UIResponder
    - RFKit/Category/UIStoryboard
    - RFKit/Category/UITableView
    - RFKit/Category/UIView
    - "RFKit/Category/UIView+RFAnimate"
    - RFKit/Category/UIViewController
  - RFKit/Category/NSArray (2.3.0):
    - RFKit/Foundation
  - RFKit/Category/NSBundle (2.3.0):
    - RFKit/Foundation
  - RFKit/Category/NSDate (2.3.0):
    - RFKit/Foundation
  - RFKit/Category/NSDateFormatter (2.3.0):
    - RFKit/Foundation
  - RFKit/Category/NSDictionary (2.3.0):
    - RFKit/Category/NSObject
    - RFKit/Foundation
  - RFKit/Category/NSError (2.3.0):
    - RFKit/Foundation
  - RFKit/Category/NSFileManager (2.3.0):
    - RFKit/Foundation
    - RFKit/Runtime
  - RFKit/Category/NSJSONSerialization (2.3.0):
    - RFKit/Foundation
    - RFKit/Runtime
  - RFKit/Category/NSLayoutConstraint (2.3.0):
    - RFKit/Category/UIView
    - RFKit/Foundation
  - RFKit/Category/NSObject (2.3.0):
    - RFKit/Foundation
    - RFKit/Runtime
  - RFKit/Category/NSString (2.3.0):
    - RFKit/Foundation
    - RFKit/Runtime
  - RFKit/Category/NSURL (2.3.0):
    - RFKit/Foundation
  - RFKit/Category/UIButton (2.3.0):
    - RFKit/Foundation
  - RFKit/Category/UIColor (2.3.0):
    - RFKit/Foundation
  - RFKit/Category/UIDevice (2.3.0):
    - RFKit/Foundation
    - RFKit/Runtime
  - RFKit/Category/UIImage (2.3.0):
    - RFKit/Foundation
    - RFKit/RFGeometry
  - RFKit/Category/UINavigationController (2.3.0):
    - RFKit/Category/NSArray
    - RFKit/Foundation
  - RFKit/Category/UIResponder (2.3.0):
    - RFKit/Foundation
  - "RFKit/Category/UIScrollView+RFScrolling (2.3.0)":
    - RFKit/Foundation
  - RFKit/Category/UISearchBar (2.3.0):
    - RFKit/Foundation
  - RFKit/Category/UIStoryboard (2.3.0):
    - RFKit/Foundation
  - RFKit/Category/UITableView (2.3.0):
    - "RFKit/Category/UIView+RFAnimate"
    - RFKit/Foundation
  - RFKit/Category/UIView (2.3.0):
    - RFKit/Category/UIResponder
    - RFKit/Foundation
    - RFKit/RFGeometry
  - "RFKit/Category/UIView+RFAnimate (2.3.0)":
    - RFKit/Foundation
    - RFKit/Runtime
  - RFKit/Category/UIViewController (2.3.0):
    - RFKit/Foundation
  - "RFKit/Category/UIViewController+RFInterfaceOrientation (2.3.0)"
  - RFKit/Default (2.3.0):
    - RFKit/Category/Default
    - RFKit/RFGeometry
    - RFKit/Runtime
  - RFKit/Foundation (2.3.0)
  - RFKit/RFGeometry (2.3.0):
    - RFKit/Runtime
  - RFKit/Runtime (2.3.0):
    - RFKit/Foundation
  - RFMessageManager/Manager (0.4.2):
    - RFInitializing (>= 1.1)
    - RFKit/Category/NSArray
    - RFKit/Runtime (>= 1.7)
  - RFMessageManager/RFNetworkActivityIndicatorMessage (0.4.2):
    - RFMessageManager/Manager
  - RFMessageManager/SVProgressHUD (0.4.2):
    - RFMessageManager/Manager
    - RFMessageManager/RFNetworkActivityIndicatorMessage
    - SVProgressHUD
  - RFSegue/Async (4.0.0):
    - RFSegue/Core
  - RFSegue/Core (4.0.0):
    - RFKit/Category/UIDevice
    - RFKit/Category/UINavigationController
    - RFKit/Runtime (>= 1.7)
  - SVProgressHUD (2.2.5)

DEPENDENCIES:
  - FLEX
  - MBAppKit/Button (from `MBAppKit`)
  - MBAppKit/Environment (from `MBAppKit`)
  - MBAppKit/Input (from `MBAppKit`)
  - MBAppKit/Navigation (from `MBAppKit`)
  - MBAppKit/Worker (from `MBAppKit`)
  - PreBuild (from `PreBuild`)
  - RFAlpha/RFBlockSelectorPerform (from `Frameworks/RFUI/Alpha`)
  - RFAlpha/RFButton (from `Frameworks/RFUI/Alpha`)
  - RFAlpha/RFCallbackControl (from `Frameworks/RFUI/Alpha`)
  - RFAlpha/RFContainerView (from `Frameworks/RFUI/Alpha`)
  - RFAlpha/RFDelegateChain/UICollectionViewDataSource (from `Frameworks/RFUI/Alpha`)
  - RFAlpha/RFDelegateChain/UICollectionViewDelegateFlowLayout (from `Frameworks/RFUI/Alpha`)
  - RFAlpha/RFDelegateChain/UISearchBarDelegate (from `Frameworks/RFUI/Alpha`)
  - RFAlpha/RFDelegateChain/UITextFieldDelegate (from `Frameworks/RFUI/Alpha`)
  - RFAlpha/RFDelegateChain/UITextViewDelegate (from `Frameworks/RFUI/Alpha`)
  - RFAlpha/RFDrawImage (from `Frameworks/RFUI/Alpha`)
  - RFAlpha/RFImageCropper (from `Frameworks/RFUI/Alpha`)
  - RFAlpha/RFNavigationController (from `Frameworks/RFUI/Alpha`)
  - RFAlpha/RFRefreshButton (from `Frameworks/RFUI/Alpha`)
  - RFAlpha/RFRefreshControl (from `Frameworks/RFUI/Alpha`)
  - RFAlpha/RFTabController (from `Frameworks/RFUI/Alpha`)
  - RFAlpha/RFTableViewPullToFetchPlugin (from `Frameworks/RFUI/Alpha`)
  - RFAlpha/RFTimer (from `Frameworks/RFUI/Alpha`)
  - RFAlpha/RFViewApperance/RFLayerApperance (from `Frameworks/RFUI/Alpha`)
  - RFAlpha/RFViewApperance/RFLine (from `Frameworks/RFUI/Alpha`)
  - RFAlpha/RFWindow (from `Frameworks/RFUI/Alpha`)
  - RFKeyboard (from `https://github.com/RFUI/RFKeyboard.git`)
  - "RFKit/Category/UIScrollView+RFScrolling"
  - RFKit/Category/UISearchBar
  - RFMessageManager/SVProgressHUD
  - RFSegue/Async

SPEC REPOS:
  https://github.com/cocoapods/specs.git:
    - AFNetworking
    - FLEX
    - JSONModel
    - RFAPI
    - RFInitializing
    - RFKit
    - RFMessageManager
    - RFSegue
    - SVProgressHUD

EXTERNAL SOURCES:
  MBAppKit:
    :path: MBAppKit
  PreBuild:
    :path: PreBuild
  RFAlpha:
    :path: Frameworks/RFUI/Alpha
  RFKeyboard:
    :git: https://github.com/RFUI/RFKeyboard.git

CHECKOUT OPTIONS:
  RFKeyboard:
    :commit: ca5204d9c85f2350f58fb88ad2854dd4bb9ca4eb
    :git: https://github.com/RFUI/RFKeyboard.git

SPEC CHECKSUMS:
  AFNetworking: cb8d14a848e831097108418f5d49217339d4eb60
  FLEX: bd1a39e55b56bb413b6f1b34b3c10a0dc44ef079
  JSONModel: 02ab723958366a3fd27da57ea2af2113658762e9
  MBAppKit: ef1ae2c45e8383446c5b094931932cd9bf6f4da2
  PreBuild: 2da262254b7424a314eac8b26963506d1ae9b817
  RFAlpha: 89439f1138a4212505661d14a24ef4bebd6d6ab9
  RFAPI: ad34a972e4c4813eea26ff2b6273e2d569772ebb
  RFInitializing: 1ea7f66b2bf97a401a31482c4e2c2c19cdc9d89c
  RFKeyboard: a39d8c9fad5b2b8fe3df98fe94fa909229a4cd46
  RFKit: 81d15fe229bb5335055336513aea14d898632cf9
  RFMessageManager: a07ad8c1ace733ae254c297f7952a4f0d66f2f32
  RFSegue: 16a13d55032a737a93a1feb3c758077f708e3c70
  SVProgressHUD: 1428aafac632c1f86f62aa4243ec12008d7a51d6

PODFILE CHECKSUM: c95868e8fd656f48288208d60741fd4548ca47e0

COCOAPODS: 1.6.1
