PODS:
  - AFNetworking/Reachability (4.0.1)
  - AFNetworking/Security (4.0.1)
  - AFNetworking/Serialization (4.0.1)
  - JSONModel (1.8.0)
  - MBAppKit/Button (0.9.2):
    - RFInitializing
    - RFKit/RFGeometry
  - MBAppKit/Core (0.9.2):
    - RFAlpha/RFSwizzle
    - RFAPI (>= 2.0.0-beta.1)
    - RFKit (~> 2.0)
    - RFKit/Category/NSDate
    - RFKit/Category/NSDateFormatter
    - RFKit/Category/NSJSONSerialization
    - RFKit/Category/NSLayoutConstraint
    - RFKit/Category/NSURL
  - MBAppKit/Environment (0.9.2):
    - RFKit/Category/NSArray
    - RFKit/Runtime
  - MBAppKit/Input (0.9.2):
    - MBAppKit/Core
    - RFDelegateChain/UITextFieldDelegate
    - RFInitializing
    - RFKit/Category/UIResponder
    - RFKit/RFGeometry
  - MBAppKit/Navigation (0.9.2):
    - MBAppKit/Core
    - RFAlpha/RFNavigationController
    - RFAlpha/RFSynthesize
    - RFKit/Category/NSArray
    - RFKit/Category/UIResponder
  - MBAppKit/UserIDIsString (0.9.2):
    - MBAppKit/Core
  - MBAppKit/Worker (0.9.2):
    - MBAppKit/Core
    - RFInitializing
  - RFAlpha/RFBlockSelectorPerform (0.6.0)
  - RFAlpha/RFButton (0.6.0):
    - RFInitializing (>= 1.1)
    - RFKit/Runtime (>= 1.7.1)
  - RFAlpha/RFCallbackControl (0.6.0):
    - RFKit/Category/NSArray
    - RFKit/Runtime (>= 1.7.1)
  - RFAlpha/RFContainerView (0.6.0):
    - RFInitializing (>= 1.1)
    - RFKit/Category/UIView
    - RFKit/Category/UIViewController
    - RFKit/Runtime (>= 1.7.1)
  - RFAlpha/RFDataSourceArray (0.6.0)
  - RFAlpha/RFDrawImage (0.6.0):
    - RFKit/Runtime (>= 1.7.1)
  - RFAlpha/RFImageCropper (0.6.0):
    - RFInitializing (>= 1.1)
    - RFKit/Category/UIColor
    - RFKit/Category/UIImage
    - RFKit/Category/UIView
    - "RFKit/Category/UIView+RFAnimate"
    - RFKit/Runtime (>= 1.7.1)
  - RFAlpha/RFKVOWrapper (0.6.0):
    - RFKit/Runtime (>= 1.7.1)
  - RFAlpha/RFNavigationController (0.6.0):
    - RFAlpha/RFTransitioning/NavigationControllerTransition
    - RFKit/Category/NSError
    - RFKit/Category/UIView
    - "RFKit/Category/UIView+RFAnimate"
    - "RFKit/Category/UIViewController+RFInterfaceOrientation"
    - RFKit/Runtime (>= 1.7.1)
  - RFAlpha/RFRefreshButton (0.6.0):
    - RFInitializing (>= 1.1)
    - RFKit/Category/UIView
    - RFKit/Runtime (>= 1.7.1)
  - RFAlpha/RFRefreshControl (0.6.0):
    - RFKit/Runtime (>= 1.7.1)
  - RFAlpha/RFSwizzle (0.6.0):
    - RFKit/Runtime (>= 1.7.1)
  - RFAlpha/RFSynthesize (0.6.0):
    - RFKit/Runtime (>= 1.7.1)
  - RFAlpha/RFTabController (0.6.0):
    - RFAlpha/RFDataSourceArray
    - RFInitializing (>= 1.1)
    - RFKit/Category/NSArray
    - RFKit/Category/UIView
    - RFKit/Runtime (>= 1.7.1)
  - RFAlpha/RFTableViewPullToFetchPlugin (0.6.0):
    - RFAlpha/RFKVOWrapper
    - RFDelegateChain/Chain
    - RFKit/Category/UIView
    - "RFKit/Category/UIView+RFAnimate"
  - RFAlpha/RFTimer (0.6.0)
  - RFAlpha/RFTransitioning/Core (0.6.0):
    - RFInitializing (>= 1.1)
    - RFKit/Runtime (>= 1.7.1)
  - RFAlpha/RFTransitioning/NavigationControllerTransition (0.6.0):
    - RFAlpha/RFTransitioning/Core
    - RFDelegateChain/Chain
  - RFAlpha/RFViewApperance/RFDrawView (0.6.0):
    - RFInitializing (>= 1.1)
    - RFKit/Runtime (>= 1.7.1)
  - RFAlpha/RFViewApperance/RFLayerApperance (0.6.0):
    - RFKit/Category/UIDevice
  - RFAlpha/RFViewApperance/RFLine (0.6.0):
    - RFAlpha/RFViewApperance/RFDrawView
  - RFAlpha/RFWindow (0.6.0):
    - RFInitializing (>= 1.1)
  - RFAPI (2.0.0-beta.2):
    - AFNetworking/Reachability (>= 2.3)
    - AFNetworking/Security (>= 2.3)
    - AFNetworking/Serialization (>= 2.3)
    - JSONModel
    - RFInitializing (>= 1.1)
    - RFKit/Runtime (> 1.7)
    - RFMessageManager/Manager (>= 0.5)
    - RFMessageManager/RFNetworkActivityMessage
  - RFDelegateChain/Chain (1.0.0):
    - RFInitializing (>= 1.1)
    - RFKit/Runtime (>= 1.7.1)
  - RFDelegateChain/UICollectionViewDataSource (1.0.0):
    - RFDelegateChain/Chain
  - RFDelegateChain/UICollectionViewDelegate (1.0.0):
    - RFDelegateChain/UIScrollViewDelegate
  - RFDelegateChain/UICollectionViewDelegateFlowLayout (1.0.0):
    - RFDelegateChain/UICollectionViewDelegate
  - RFDelegateChain/UIScrollViewDelegate (1.0.0):
    - RFDelegateChain/Chain
  - RFDelegateChain/UISearchBarDelegate (1.0.0):
    - RFDelegateChain/Chain
  - RFDelegateChain/UITextFieldDelegate (1.0.0):
    - RFDelegateChain/Chain
  - RFDelegateChain/UITextViewDelegate (1.0.0):
    - RFDelegateChain/Chain
  - RFInitializing (1.2.0)
  - RFKeyboard (0.2.0):
    - RFKit/Runtime (>= 1.7)
  - RFKit (2.4.0):
    - RFKit/Default (= 2.4.0)
  - RFKit/Category/Default (2.4.0):
    - RFKit/Category/NSArray
    - RFKit/Category/NSBundle
    - RFKit/Category/NSDictionary
    - RFKit/Category/NSError
    - RFKit/Category/NSObject
    - RFKit/Category/NSString
    - RFKit/Category/UIButton
    - RFKit/Category/UIColor
    - RFKit/Category/UIDevice
    - RFKit/Category/UIImage
    - RFKit/Category/UINavigationController
    - RFKit/Category/UIResponder
    - RFKit/Category/UIStoryboard
    - RFKit/Category/UITableView
    - RFKit/Category/UIView
    - "RFKit/Category/UIView+RFAnimate"
    - RFKit/Category/UIViewController
  - RFKit/Category/NSArray (2.4.0):
    - RFKit/Foundation
  - RFKit/Category/NSBundle (2.4.0):
    - RFKit/Foundation
  - RFKit/Category/NSDate (2.4.0):
    - RFKit/Foundation
  - RFKit/Category/NSDateFormatter (2.4.0):
    - RFKit/Foundation
  - RFKit/Category/NSDictionary (2.4.0):
    - RFKit/Category/NSObject
    - RFKit/Foundation
  - RFKit/Category/NSError (2.4.0):
    - RFKit/Foundation
  - RFKit/Category/NSFileManager (2.4.0):
    - RFKit/Foundation
    - RFKit/Runtime
  - RFKit/Category/NSJSONSerialization (2.4.0):
    - RFKit/Foundation
    - RFKit/Runtime
  - RFKit/Category/NSLayoutConstraint (2.4.0):
    - RFKit/Category/UIView
    - RFKit/Foundation
  - RFKit/Category/NSObject (2.4.0):
    - RFKit/Foundation
    - RFKit/Runtime
  - RFKit/Category/NSString (2.4.0):
    - RFKit/Foundation
    - RFKit/Runtime
  - RFKit/Category/NSURL (2.4.0):
    - RFKit/Foundation
  - RFKit/Category/UIButton (2.4.0):
    - RFKit/Foundation
  - RFKit/Category/UIColor (2.4.0):
    - RFKit/Foundation
  - RFKit/Category/UIDevice (2.4.0):
    - RFKit/Foundation
    - RFKit/Runtime
  - RFKit/Category/UIImage (2.4.0):
    - RFKit/Foundation
    - RFKit/RFGeometry
  - RFKit/Category/UINavigationController (2.4.0):
    - RFKit/Category/NSArray
    - RFKit/Foundation
  - RFKit/Category/UIResponder (2.4.0):
    - RFKit/Foundation
    - RFKit/Runtime
  - "RFKit/Category/UIScrollView+RFScrolling (2.4.0)":
    - RFKit/Foundation
  - RFKit/Category/UISearchBar (2.4.0):
    - RFKit/Foundation
  - RFKit/Category/UIStoryboard (2.4.0):
    - RFKit/Foundation
  - RFKit/Category/UITableView (2.4.0):
    - "RFKit/Category/UIView+RFAnimate"
    - RFKit/Foundation
  - RFKit/Category/UIView (2.4.0):
    - RFKit/Category/UIResponder
    - RFKit/Foundation
    - RFKit/RFGeometry
  - "RFKit/Category/UIView+RFAnimate (2.4.0)":
    - RFKit/Foundation
    - RFKit/Runtime
  - RFKit/Category/UIViewController (2.4.0):
    - RFKit/Foundation
  - "RFKit/Category/UIViewController+RFInterfaceOrientation (2.4.0)"
  - RFKit/Default (2.4.0):
    - RFKit/Category/Default
    - RFKit/RFGeometry
    - RFKit/Runtime
  - RFKit/Foundation (2.4.0)
  - RFKit/RFGeometry (2.4.0):
    - RFKit/Runtime
  - RFKit/Runtime (2.4.0):
    - RFKit/Foundation
  - RFMessageManager/Manager (0.6.0):
    - RFInitializing (>= 1.1)
    - RFKit/Category/NSArray
    - RFKit/Runtime (>= 1.7)
  - RFMessageManager/RFNetworkActivityMessage (0.6.0):
    - RFMessageManager/Manager
  - RFMessageManager/SVProgressHUD (0.6.0):
    - RFMessageManager/Manager
    - RFMessageManager/RFNetworkActivityMessage
    - SVProgressHUD
  - RFSegue/Async (4.0.0):
    - RFSegue/Core
  - RFSegue/Core (4.0.0):
    - RFKit/Category/UIDevice
    - RFKit/Category/UINavigationController
    - RFKit/Runtime (>= 1.7)
  - SDWebImage (5.8.3):
    - SDWebImage/Core (= 5.8.3)
  - SDWebImage/Core (5.8.3)
  - SVProgressHUD (2.2.5)

DEPENDENCIES:
  - MBAppKit/Button (from `https://github.com/RFUI/MBAppKit.git`)
  - MBAppKit/Environment (from `https://github.com/RFUI/MBAppKit.git`)
  - MBAppKit/Input (from `https://github.com/RFUI/MBAppKit.git`)
  - MBAppKit/Navigation (from `https://github.com/RFUI/MBAppKit.git`)
  - MBAppKit/UserIDIsString (from `https://github.com/RFUI/MBAppKit.git`)
  - MBAppKit/Worker (from `https://github.com/RFUI/MBAppKit.git`)
  - RFAlpha/RFBlockSelectorPerform
  - RFAlpha/RFButton
  - RFAlpha/RFCallbackControl
  - RFAlpha/RFContainerView
  - RFAlpha/RFDrawImage
  - RFAlpha/RFImageCropper
  - RFAlpha/RFNavigationController
  - RFAlpha/RFRefreshButton
  - RFAlpha/RFRefreshControl
  - RFAlpha/RFTabController
  - RFAlpha/RFTableViewPullToFetchPlugin
  - RFAlpha/RFTimer
  - RFAlpha/RFViewApperance/RFLayerApperance
  - RFAlpha/RFViewApperance/RFLine
  - RFAlpha/RFWindow
  - RFAPI (>= 2.0.0-beta.2)
  - RFDelegateChain/UICollectionViewDataSource
  - RFDelegateChain/UICollectionViewDelegateFlowLayout
  - RFDelegateChain/UISearchBarDelegate
  - RFDelegateChain/UITextFieldDelegate
  - RFDelegateChain/UITextViewDelegate
  - RFKeyboard
  - RFKit/Category/NSFileManager
  - "RFKit/Category/UIScrollView+RFScrolling"
  - RFKit/Category/UISearchBar
  - RFMessageManager/SVProgressHUD
  - RFSegue/Async
  - SDWebImage

SPEC REPOS:
  trunk:
    - AFNetworking
    - JSONModel
    - RFAlpha
    - RFAPI
    - RFDelegateChain
    - RFInitializing
    - RFKeyboard
    - RFKit
    - RFMessageManager
    - RFSegue
    - SDWebImage
    - SVProgressHUD

EXTERNAL SOURCES:
  MBAppKit:
    :git: https://github.com/RFUI/MBAppKit.git

CHECKOUT OPTIONS:
  MBAppKit:
    :commit: 8b9576f871ceec3a0ae6d8ef5cffea93c36b25cc
    :git: https://github.com/RFUI/MBAppKit.git

SPEC CHECKSUMS:
  AFNetworking: 7864c38297c79aaca1500c33288e429c3451fdce
  JSONModel: 02ab723958366a3fd27da57ea2af2113658762e9
  MBAppKit: dfa9bd52a24c018595c7531445158519cf09dbd3
  RFAlpha: a2ba9b06f5452e11c486abd3bf20c9036734ae7a
  RFAPI: dcd1c98b1ca7de93b900111e1a5232a21a08a65f
  RFDelegateChain: 06b2100d30de422eb7dee4ad833c8bd80c631f16
  RFInitializing: c85e1d8b9c5b540761f7983af3e9bb517654ad84
  RFKeyboard: d270ea1f612d86c980974222bae7c6d7d04428be
  RFKit: b85177e1321171cfb342810880555a06fe12fbbe
  RFMessageManager: 2967d1f691a4ac310b76afc8ef505d9e9b5151f0
  RFSegue: 16a13d55032a737a93a1feb3c758077f708e3c70
  SDWebImage: 112503ec94a5a2a41869503844a15e8d8f1ead5c
  SVProgressHUD: 1428aafac632c1f86f62aa4243ec12008d7a51d6

PODFILE CHECKSUM: 25cd59e2bec9fc7c933d5d22875913764590c2b2

COCOAPODS: 1.9.3
