PODS:
  - MBAppKit (0.1.0)
  - XXNibBridge (2.3.1)

DEPENDENCIES:
  - MBAppKit (from `MBAppKit`)
  - XXNibBridge

EXTERNAL SOURCES:
  MBAppKit:
    :path: MBAppKit

SPEC CHECKSUMS:
  MBAppKit: 69a243245cd8a2300a0047dc713028b109ff1d5b
  XXNibBridge: addb780e6db076eb2c61716aa60b176a6799b80f

PODFILE CHECKSUM: ed7277498d5af202d75d5b258e22029e19c51337

COCOAPODS: 1.4.0
