PODS:
  - SDWebImage (4.3.3):
    - SDWebImage/Core (= 4.3.3)
  - SDWebImage/Core (4.3.3)
  - XXNibBridge (2.1)

DEPENDENCIES:
  - SDWebImage
  - XXNibBridge

SPEC CHECKSUMS:
  SDWebImage: de4d90b5bff3571eae7bd16202b1f43135409fa5
  XXNibBridge: 04ce6b4f8a2e33857396f1c369581436c390cb7d

PODFILE CHECKSUM: 08b44bc4958dfa1d781732201f1e627e066878c7

COCOAPODS: 1.4.0
